// !$*UTF8*$!
{
	archiveVersion = 1;
	classes = {
	};
	objectVersion = 56;
	objects = {

/* Begin PBXBuildFile section */
		186FD3E32BC43FC300691DC9 /* turtlerock@2x.jpg in Resources */ = {isa = PBXBuildFile; fileRef = 186FD3E22BC43FC300691DC9 /* turtlerock@2x.jpg */; };
		186FD3E52BC444DF00691DC9 /* CircleImage.swift in Sources */ = {isa = PBXBuildFile; fileRef = 186FD3E42BC444DF00691DC9 /* CircleImage.swift */; };
		186FD3E72BC4454700691DC9 /* MapView.swift in Sources */ = {isa = PBXBuildFile; fileRef = 186FD3E62BC4454700691DC9 /* MapView.swift */; };
		186FD3E92BC44F2C00691DC9 /* landmarkData.json in Resources */ = {isa = PBXBuildFile; fileRef = 186FD3E82BC44F2B00691DC9 /* landmarkData.json */; };
		186FD3EB2BC44F7100691DC9 /* Landmark.swift in Sources */ = {isa = PBXBuildFile; fileRef = 186FD3EA2BC44F7100691DC9 /* Landmark.swift */; };
		186FD3ED2BC45A8600691DC9 /* ModelData.swift in Sources */ = {isa = PBXBuildFile; fileRef = 186FD3EC2BC45A8600691DC9 /* ModelData.swift */; };
		188F63AE2BC56BD2001C7A1F /* LandmarkRow.swift in Sources */ = {isa = PBXBuildFile; fileRef = 188F63AD2BC56BD2001C7A1F /* LandmarkRow.swift */; };
		1890D3D42BC57963001D7BA1 /* LandmarkList.swift in Sources */ = {isa = PBXBuildFile; fileRef = 1890D3D32BC57963001D7BA1 /* LandmarkList.swift */; };
		1890D3D62BC6B461001D7BA1 /* LandmarkDetail.swift in Sources */ = {isa = PBXBuildFile; fileRef = 1890D3D52BC6B461001D7BA1 /* LandmarkDetail.swift */; };
		1890D3D82BC6B5CC001D7BA1 /* bk_tutorialView.swift in Sources */ = {isa = PBXBuildFile; fileRef = 1890D3D72BC6B5CC001D7BA1 /* bk_tutorialView.swift */; };
		18BCC6642BC1260D00DF3265 /* FirstAppApp.swift in Sources */ = {isa = PBXBuildFile; fileRef = 18BCC6632BC1260D00DF3265 /* FirstAppApp.swift */; };
		18BCC6662BC1260D00DF3265 /* ContentView.swift in Sources */ = {isa = PBXBuildFile; fileRef = 18BCC6652BC1260D00DF3265 /* ContentView.swift */; };
		18BCC6682BC1260D00DF3265 /* Item.swift in Sources */ = {isa = PBXBuildFile; fileRef = 18BCC6672BC1260D00DF3265 /* Item.swift */; };
		18BCC66A2BC1261200DF3265 /* Assets.xcassets in Resources */ = {isa = PBXBuildFile; fileRef = 18BCC6692BC1261200DF3265 /* Assets.xcassets */; };
		18BCC66D2BC1261200DF3265 /* Preview Assets.xcassets in Resources */ = {isa = PBXBuildFile; fileRef = 18BCC66C2BC1261200DF3265 /* Preview Assets.xcassets */; };
		18BCC6772BC1261300DF3265 /* FirstAppTests.swift in Sources */ = {isa = PBXBuildFile; fileRef = 18BCC6762BC1261300DF3265 /* FirstAppTests.swift */; };
		18BCC6812BC1261300DF3265 /* FirstAppUITests.swift in Sources */ = {isa = PBXBuildFile; fileRef = 18BCC6802BC1261300DF3265 /* FirstAppUITests.swift */; };
		18BCC6832BC1261300DF3265 /* FirstAppUITestsLaunchTests.swift in Sources */ = {isa = PBXBuildFile; fileRef = 18BCC6822BC1261300DF3265 /* FirstAppUITestsLaunchTests.swift */; };
/* End PBXBuildFile section */

/* Begin PBXContainerItemProxy section */
		18BCC6732BC1261300DF3265 /* PBXContainerItemProxy */ = {
			isa = PBXContainerItemProxy;
			containerPortal = 18BCC6582BC1260D00DF3265 /* Project object */;
			proxyType = 1;
			remoteGlobalIDString = 18BCC65F2BC1260D00DF3265;
			remoteInfo = FirstApp;
		};
		18BCC67D2BC1261300DF3265 /* PBXContainerItemProxy */ = {
			isa = PBXContainerItemProxy;
			containerPortal = 18BCC6582BC1260D00DF3265 /* Project object */;
			proxyType = 1;
			remoteGlobalIDString = 18BCC65F2BC1260D00DF3265;
			remoteInfo = FirstApp;
		};
/* End PBXContainerItemProxy section */

/* Begin PBXFileReference section */
		186FD3E22BC43FC300691DC9 /* turtlerock@2x.jpg */ = {isa = PBXFileReference; lastKnownFileType = image.jpeg; path = "turtlerock@2x.jpg"; sourceTree = "<group>"; };
		186FD3E42BC444DF00691DC9 /* CircleImage.swift */ = {isa = PBXFileReference; lastKnownFileType = sourcecode.swift; path = CircleImage.swift; sourceTree = "<group>"; };
		186FD3E62BC4454700691DC9 /* MapView.swift */ = {isa = PBXFileReference; lastKnownFileType = sourcecode.swift; path = MapView.swift; sourceTree = "<group>"; };
		186FD3E82BC44F2B00691DC9 /* landmarkData.json */ = {isa = PBXFileReference; fileEncoding = 4; lastKnownFileType = text.json; path = landmarkData.json; sourceTree = "<group>"; };
		186FD3EA2BC44F7100691DC9 /* Landmark.swift */ = {isa = PBXFileReference; lastKnownFileType = sourcecode.swift; path = Landmark.swift; sourceTree = "<group>"; };
		186FD3EC2BC45A8600691DC9 /* ModelData.swift */ = {isa = PBXFileReference; lastKnownFileType = sourcecode.swift; path = ModelData.swift; sourceTree = "<group>"; };
		188F63AD2BC56BD2001C7A1F /* LandmarkRow.swift */ = {isa = PBXFileReference; lastKnownFileType = sourcecode.swift; path = LandmarkRow.swift; sourceTree = "<group>"; };
		1890D3D32BC57963001D7BA1 /* LandmarkList.swift */ = {isa = PBXFileReference; lastKnownFileType = sourcecode.swift; path = LandmarkList.swift; sourceTree = "<group>"; };
		1890D3D52BC6B461001D7BA1 /* LandmarkDetail.swift */ = {isa = PBXFileReference; lastKnownFileType = sourcecode.swift; path = LandmarkDetail.swift; sourceTree = "<group>"; };
		1890D3D72BC6B5CC001D7BA1 /* bk_tutorialView.swift */ = {isa = PBXFileReference; lastKnownFileType = sourcecode.swift; path = bk_tutorialView.swift; sourceTree = "<group>"; };
		18BCC6602BC1260D00DF3265 /* FirstApp.app */ = {isa = PBXFileReference; explicitFileType = wrapper.application; includeInIndex = 0; path = FirstApp.app; sourceTree = BUILT_PRODUCTS_DIR; };
		18BCC6632BC1260D00DF3265 /* FirstAppApp.swift */ = {isa = PBXFileReference; lastKnownFileType = sourcecode.swift; path = FirstAppApp.swift; sourceTree = "<group>"; };
		18BCC6652BC1260D00DF3265 /* ContentView.swift */ = {isa = PBXFileReference; lastKnownFileType = sourcecode.swift; path = ContentView.swift; sourceTree = "<group>"; };
		18BCC6672BC1260D00DF3265 /* Item.swift */ = {isa = PBXFileReference; lastKnownFileType = sourcecode.swift; path = Item.swift; sourceTree = "<group>"; };
		18BCC6692BC1261200DF3265 /* Assets.xcassets */ = {isa = PBXFileReference; lastKnownFileType = folder.assetcatalog; path = Assets.xcassets; sourceTree = "<group>"; };
		18BCC66C2BC1261200DF3265 /* Preview Assets.xcassets */ = {isa = PBXFileReference; lastKnownFileType = folder.assetcatalog; path = "Preview Assets.xcassets"; sourceTree = "<group>"; };
		18BCC6722BC1261300DF3265 /* FirstAppTests.xctest */ = {isa = PBXFileReference; explicitFileType = wrapper.cfbundle; includeInIndex = 0; path = FirstAppTests.xctest; sourceTree = BUILT_PRODUCTS_DIR; };
		18BCC6762BC1261300DF3265 /* FirstAppTests.swift */ = {isa = PBXFileReference; lastKnownFileType = sourcecode.swift; path = FirstAppTests.swift; sourceTree = "<group>"; };
		18BCC67C2BC1261300DF3265 /* FirstAppUITests.xctest */ = {isa = PBXFileReference; explicitFileType = wrapper.cfbundle; includeInIndex = 0; path = FirstAppUITests.xctest; sourceTree = BUILT_PRODUCTS_DIR; };
		18BCC6802BC1261300DF3265 /* FirstAppUITests.swift */ = {isa = PBXFileReference; lastKnownFileType = sourcecode.swift; path = FirstAppUITests.swift; sourceTree = "<group>"; };
		18BCC6822BC1261300DF3265 /* FirstAppUITestsLaunchTests.swift */ = {isa = PBXFileReference; lastKnownFileType = sourcecode.swift; path = FirstAppUITestsLaunchTests.swift; sourceTree = "<group>"; };
/* End PBXFileReference section */

/* Begin PBXFrameworksBuildPhase section */
		18BCC65D2BC1260D00DF3265 /* Frameworks */ = {
			isa = PBXFrameworksBuildPhase;
			buildActionMask = 2147483647;
			files = (
			);
			runOnlyForDeploymentPostprocessing = 0;
		};
		18BCC66F2BC1261300DF3265 /* Frameworks */ = {
			isa = PBXFrameworksBuildPhase;
			buildActionMask = 2147483647;
			files = (
			);
			runOnlyForDeploymentPostprocessing = 0;
		};
		18BCC6792BC1261300DF3265 /* Frameworks */ = {
			isa = PBXFrameworksBuildPhase;
			buildActionMask = 2147483647;
			files = (
			);
			runOnlyForDeploymentPostprocessing = 0;
		};
/* End PBXFrameworksBuildPhase section */

/* Begin PBXGroup section */
		188F63AA2BC56AFB001C7A1F /* Views */ = {
			isa = PBXGroup;
			children = (
				18BCC6652BC1260D00DF3265 /* ContentView.swift */,
				186FD3E42BC444DF00691DC9 /* CircleImage.swift */,
				186FD3E62BC4454700691DC9 /* MapView.swift */,
				188F63AD2BC56BD2001C7A1F /* LandmarkRow.swift */,
				1890D3D32BC57963001D7BA1 /* LandmarkList.swift */,
				1890D3D52BC6B461001D7BA1 /* LandmarkDetail.swift */,
				1890D3D72BC6B5CC001D7BA1 /* bk_tutorialView.swift */,
			);
			path = Views;
			sourceTree = "<group>";
		};
		188F63AB2BC56B0D001C7A1F /* Resources */ = {
			isa = PBXGroup;
			children = (
				186FD3E82BC44F2B00691DC9 /* landmarkData.json */,
			);
			path = Resources;
			sourceTree = "<group>";
		};
		188F63AC2BC56B17001C7A1F /* Models */ = {
			isa = PBXGroup;
			children = (
				186FD3EA2BC44F7100691DC9 /* Landmark.swift */,
				186FD3EC2BC45A8600691DC9 /* ModelData.swift */,
			);
			path = Models;
			sourceTree = "<group>";
		};
		18BCC6572BC1260D00DF3265 = {
			isa = PBXGroup;
			children = (
				186FD3E22BC43FC300691DC9 /* turtlerock@2x.jpg */,
				18BCC6622BC1260D00DF3265 /* FirstApp */,
				18BCC6752BC1261300DF3265 /* FirstAppTests */,
				18BCC67F2BC1261300DF3265 /* FirstAppUITests */,
				18BCC6612BC1260D00DF3265 /* Products */,
			);
			sourceTree = "<group>";
		};
		18BCC6612BC1260D00DF3265 /* Products */ = {
			isa = PBXGroup;
			children = (
				18BCC6602BC1260D00DF3265 /* FirstApp.app */,
				18BCC6722BC1261300DF3265 /* FirstAppTests.xctest */,
				18BCC67C2BC1261300DF3265 /* FirstAppUITests.xctest */,
			);
			name = Products;
			sourceTree = "<group>";
		};
		18BCC6622BC1260D00DF3265 /* FirstApp */ = {
			isa = PBXGroup;
			children = (
				188F63AC2BC56B17001C7A1F /* Models */,
				188F63AB2BC56B0D001C7A1F /* Resources */,
				188F63AA2BC56AFB001C7A1F /* Views */,
				18BCC6632BC1260D00DF3265 /* FirstAppApp.swift */,
				18BCC6672BC1260D00DF3265 /* Item.swift */,
				18BCC6692BC1261200DF3265 /* Assets.xcassets */,
				18BCC66B2BC1261200DF3265 /* Preview Content */,
			);
			path = FirstApp;
			sourceTree = "<group>";
		};
		18BCC66B2BC1261200DF3265 /* Preview Content */ = {
			isa = PBXGroup;
			children = (
				18BCC66C2BC1261200DF3265 /* Preview Assets.xcassets */,
			);
			path = "Preview Content";
			sourceTree = "<group>";
		};
		18BCC6752BC1261300DF3265 /* FirstAppTests */ = {
			isa = PBXGroup;
			children = (
				18BCC6762BC1261300DF3265 /* FirstAppTests.swift */,
			);
			path = FirstAppTests;
			sourceTree = "<group>";
		};
		18BCC67F2BC1261300DF3265 /* FirstAppUITests */ = {
			isa = PBXGroup;
			children = (
				18BCC6802BC1261300DF3265 /* FirstAppUITests.swift */,
				18BCC6822BC1261300DF3265 /* FirstAppUITestsLaunchTests.swift */,
			);
			path = FirstAppUITests;
			sourceTree = "<group>";
		};
/* End PBXGroup section */

/* Begin PBXNativeTarget section */
		18BCC65F2BC1260D00DF3265 /* FirstApp */ = {
			isa = PBXNativeTarget;
			buildConfigurationList = 18BCC6862BC1261300DF3265 /* Build configuration list for PBXNativeTarget "FirstApp" */;
			buildPhases = (
				18BCC65C2BC1260D00DF3265 /* Sources */,
				18BCC65D2BC1260D00DF3265 /* Frameworks */,
				18BCC65E2BC1260D00DF3265 /* Resources */,
			);
			buildRules = (
			);
			dependencies = (
			);
			name = FirstApp;
			productName = FirstApp;
			productReference = 18BCC6602BC1260D00DF3265 /* FirstApp.app */;
			productType = "com.apple.product-type.application";
		};
		18BCC6712BC1261300DF3265 /* FirstAppTests */ = {
			isa = PBXNativeTarget;
			buildConfigurationList = 18BCC6892BC1261300DF3265 /* Build configuration list for PBXNativeTarget "FirstAppTests" */;
			buildPhases = (
				18BCC66E2BC1261300DF3265 /* Sources */,
				18BCC66F2BC1261300DF3265 /* Frameworks */,
				18BCC6702BC1261300DF3265 /* Resources */,
			);
			buildRules = (
			);
			dependencies = (
				18BCC6742BC1261300DF3265 /* PBXTargetDependency */,
			);
			name = FirstAppTests;
			productName = FirstAppTests;
			productReference = 18BCC6722BC1261300DF3265 /* FirstAppTests.xctest */;
			productType = "com.apple.product-type.bundle.unit-test";
		};
		18BCC67B2BC1261300DF3265 /* FirstAppUITests */ = {
			isa = PBXNativeTarget;
			buildConfigurationList = 18BCC68C2BC1261300DF3265 /* Build configuration list for PBXNativeTarget "FirstAppUITests" */;
			buildPhases = (
				18BCC6782BC1261300DF3265 /* Sources */,
				18BCC6792BC1261300DF3265 /* Frameworks */,
				18BCC67A2BC1261300DF3265 /* Resources */,
			);
			buildRules = (
			);
			dependencies = (
				18BCC67E2BC1261300DF3265 /* PBXTargetDependency */,
			);
			name = FirstAppUITests;
			productName = FirstAppUITests;
			productReference = 18BCC67C2BC1261300DF3265 /* FirstAppUITests.xctest */;
			productType = "com.apple.product-type.bundle.ui-testing";
		};
/* End PBXNativeTarget section */

/* Begin PBXProject section */
		18BCC6582BC1260D00DF3265 /* Project object */ = {
			isa = PBXProject;
			attributes = {
				BuildIndependentTargetsInParallel = 1;
				LastSwiftUpdateCheck = 1530;
				LastUpgradeCheck = 1530;
				TargetAttributes = {
					18BCC65F2BC1260D00DF3265 = {
						CreatedOnToolsVersion = 15.3;
					};
					18BCC6712BC1261300DF3265 = {
						CreatedOnToolsVersion = 15.3;
						TestTargetID = 18BCC65F2BC1260D00DF3265;
					};
					18BCC67B2BC1261300DF3265 = {
						CreatedOnToolsVersion = 15.3;
						TestTargetID = 18BCC65F2BC1260D00DF3265;
					};
				};
			};
			buildConfigurationList = 18BCC65B2BC1260D00DF3265 /* Build configuration list for PBXProject "FirstApp" */;
			compatibilityVersion = "Xcode 14.0";
			developmentRegion = en;
			hasScannedForEncodings = 0;
			knownRegions = (
				en,
				Base,
			);
			mainGroup = 18BCC6572BC1260D00DF3265;
			productRefGroup = 18BCC6612BC1260D00DF3265 /* Products */;
			projectDirPath = "";
			projectRoot = "";
			targets = (
				18BCC65F2BC1260D00DF3265 /* FirstApp */,
				18BCC6712BC1261300DF3265 /* FirstAppTests */,
				18BCC67B2BC1261300DF3265 /* FirstAppUITests */,
			);
		};
/* End PBXProject section */

/* Begin PBXResourcesBuildPhase section */
		18BCC65E2BC1260D00DF3265 /* Resources */ = {
			isa = PBXResourcesBuildPhase;
			buildActionMask = 2147483647;
			files = (
				18BCC66D2BC1261200DF3265 /* Preview Assets.xcassets in Resources */,
				186FD3E32BC43FC300691DC9 /* turtlerock@2x.jpg in Resources */,
				18BCC66A2BC1261200DF3265 /* Assets.xcassets in Resources */,
				186FD3E92BC44F2C00691DC9 /* landmarkData.json in Resources */,
			);
			runOnlyForDeploymentPostprocessing = 0;
		};
		18BCC6702BC1261300DF3265 /* Resources */ = {
			isa = PBXResourcesBuildPhase;
			buildActionMask = 2147483647;
			files = (
			);
			runOnlyForDeploymentPostprocessing = 0;
		};
		18BCC67A2BC1261300DF3265 /* Resources */ = {
			isa = PBXResourcesBuildPhase;
			buildActionMask = 2147483647;
			files = (
			);
			runOnlyForDeploymentPostprocessing = 0;
		};
/* End PBXResourcesBuildPhase section */

/* Begin PBXSourcesBuildPhase section */
		18BCC65C2BC1260D00DF3265 /* Sources */ = {
			isa = PBXSourcesBuildPhase;
			buildActionMask = 2147483647;
			files = (
				18BCC6662BC1260D00DF3265 /* ContentView.swift in Sources */,
				186FD3E52BC444DF00691DC9 /* CircleImage.swift in Sources */,
				186FD3E72BC4454700691DC9 /* MapView.swift in Sources */,
				18BCC6682BC1260D00DF3265 /* Item.swift in Sources */,
				1890D3D42BC57963001D7BA1 /* LandmarkList.swift in Sources */,
				1890D3D82BC6B5CC001D7BA1 /* bk_tutorialView.swift in Sources */,
				18BCC6642BC1260D00DF3265 /* FirstAppApp.swift in Sources */,
				186FD3EB2BC44F7100691DC9 /* Landmark.swift in Sources */,
				188F63AE2BC56BD2001C7A1F /* LandmarkRow.swift in Sources */,
				1890D3D62BC6B461001D7BA1 /* LandmarkDetail.swift in Sources */,
				186FD3ED2BC45A8600691DC9 /* ModelData.swift in Sources */,
			);
			runOnlyForDeploymentPostprocessing = 0;
		};
		18BCC66E2BC1261300DF3265 /* Sources */ = {
			isa = PBXSourcesBuildPhase;
			buildActionMask = 2147483647;
			files = (
				18BCC6772BC1261300DF3265 /* FirstAppTests.swift in Sources */,
			);
			runOnlyForDeploymentPostprocessing = 0;
		};
		18BCC6782BC1261300DF3265 /* Sources */ = {
			isa = PBXSourcesBuildPhase;
			buildActionMask = 2147483647;
			files = (
				18BCC6832BC1261300DF3265 /* FirstAppUITestsLaunchTests.swift in Sources */,
				18BCC6812BC1261300DF3265 /* FirstAppUITests.swift in Sources */,
			);
			runOnlyForDeploymentPostprocessing = 0;
		};
/* End PBXSourcesBuildPhase section */

/* Begin PBXTargetDependency section */
		18BCC6742BC1261300DF3265 /* PBXTargetDependency */ = {
			isa = PBXTargetDependency;
			target = 18BCC65F2BC1260D00DF3265 /* FirstApp */;
			targetProxy = 18BCC6732BC1261300DF3265 /* PBXContainerItemProxy */;
		};
		18BCC67E2BC1261300DF3265 /* PBXTargetDependency */ = {
			isa = PBXTargetDependency;
			target = 18BCC65F2BC1260D00DF3265 /* FirstApp */;
			targetProxy = 18BCC67D2BC1261300DF3265 /* PBXContainerItemProxy */;
		};
/* End PBXTargetDependency section */

/* Begin XCBuildConfiguration section */
		18BCC6842BC1261300DF3265 /* Debug */ = {
			isa = XCBuildConfiguration;
			buildSettings = {
				ALWAYS_SEARCH_USER_PATHS = NO;
				ASSETCATALOG_COMPILER_GENERATE_SWIFT_ASSET_SYMBOL_EXTENSIONS = YES;
				CLANG_ANALYZER_NONNULL = YES;
				CLANG_ANALYZER_NUMBER_OBJECT_CONVERSION = YES_AGGRESSIVE;
				CLANG_CXX_LANGUAGE_STANDARD = "gnu++20";
				CLANG_ENABLE_MODULES = YES;
				CLANG_ENABLE_OBJC_ARC = YES;
				CLANG_ENABLE_OBJC_WEAK = YES;
				CLANG_WARN_BLOCK_CAPTURE_AUTORELEASING = YES;
				CLANG_WARN_BOOL_CONVERSION = YES;
				CLANG_WARN_COMMA = YES;
				CLANG_WARN_CONSTANT_CONVERSION = YES;
				CLANG_WARN_DEPRECATED_OBJC_IMPLEMENTATIONS = YES;
				CLANG_WARN_DIRECT_OBJC_ISA_USAGE = YES_ERROR;
				CLANG_WARN_DOCUMENTATION_COMMENTS = YES;
				CLANG_WARN_EMPTY_BODY = YES;
				CLANG_WARN_ENUM_CONVERSION = YES;
				CLANG_WARN_INFINITE_RECURSION = YES;
				CLANG_WARN_INT_CONVERSION = YES;
				CLANG_WARN_NON_LITERAL_NULL_CONVERSION = YES;
				CLANG_WARN_OBJC_IMPLICIT_RETAIN_SELF = YES;
				CLANG_WARN_OBJC_LITERAL_CONVERSION = YES;
				CLANG_WARN_OBJC_ROOT_CLASS = YES_ERROR;
				CLANG_WARN_QUOTED_INCLUDE_IN_FRAMEWORK_HEADER = YES;
				CLANG_WARN_RANGE_LOOP_ANALYSIS = YES;
				CLANG_WARN_STRICT_PROTOTYPES = YES;
				CLANG_WARN_SUSPICIOUS_MOVE = YES;
				CLANG_WARN_UNGUARDED_AVAILABILITY = YES_AGGRESSIVE;
				CLANG_WARN_UNREACHABLE_CODE = YES;
				CLANG_WARN__DUPLICATE_METHOD_MATCH = YES;
				COPY_PHASE_STRIP = NO;
				DEBUG_INFORMATION_FORMAT = dwarf;
				ENABLE_STRICT_OBJC_MSGSEND = YES;
				ENABLE_TESTABILITY = YES;
				ENABLE_USER_SCRIPT_SANDBOXING = YES;
				GCC_C_LANGUAGE_STANDARD = gnu17;
				GCC_DYNAMIC_NO_PIC = NO;
				GCC_NO_COMMON_BLOCKS = YES;
				GCC_OPTIMIZATION_LEVEL = 0;
				GCC_PREPROCESSOR_DEFINITIONS = (
					"DEBUG=1",
					"$(inherited)",
				);
				GCC_WARN_64_TO_32_BIT_CONVERSION = YES;
				GCC_WARN_ABOUT_RETURN_TYPE = YES_ERROR;
				GCC_WARN_UNDECLARED_SELECTOR = YES;
				GCC_WARN_UNINITIALIZED_AUTOS = YES_AGGRESSIVE;
				GCC_WARN_UNUSED_FUNCTION = YES;
				GCC_WARN_UNUSED_VARIABLE = YES;
				IPHONEOS_DEPLOYMENT_TARGET = 17.4;
				LOCALIZATION_PREFERS_STRING_CATALOGS = YES;
				MTL_ENABLE_DEBUG_INFO = INCLUDE_SOURCE;
				MTL_FAST_MATH = YES;
				ONLY_ACTIVE_ARCH = YES;
				SDKROOT = iphoneos;
				SWIFT_ACTIVE_COMPILATION_CONDITIONS = "DEBUG $(inherited)";
				SWIFT_OPTIMIZATION_LEVEL = "-Onone";
			};
			name = Debug;
		};
		18BCC6852BC1261300DF3265 /* Release */ = {
			isa = XCBuildConfiguration;
			buildSettings = {
				ALWAYS_SEARCH_USER_PATHS = NO;
				ASSETCATALOG_COMPILER_GENERATE_SWIFT_ASSET_SYMBOL_EXTENSIONS = YES;
				CLANG_ANALYZER_NONNULL = YES;
				CLANG_ANALYZER_NUMBER_OBJECT_CONVERSION = YES_AGGRESSIVE;
				CLANG_CXX_LANGUAGE_STANDARD = "gnu++20";
				CLANG_ENABLE_MODULES = YES;
				CLANG_ENABLE_OBJC_ARC = YES;
				CLANG_ENABLE_OBJC_WEAK = YES;
				CLANG_WARN_BLOCK_CAPTURE_AUTORELEASING = YES;
				CLANG_WARN_BOOL_CONVERSION = YES;
				CLANG_WARN_COMMA = YES;
				CLANG_WARN_CONSTANT_CONVERSION = YES;
				CLANG_WARN_DEPRECATED_OBJC_IMPLEMENTATIONS = YES;
				CLANG_WARN_DIRECT_OBJC_ISA_USAGE = YES_ERROR;
				CLANG_WARN_DOCUMENTATION_COMMENTS = YES;
				CLANG_WARN_EMPTY_BODY = YES;
				CLANG_WARN_ENUM_CONVERSION = YES;
				CLANG_WARN_INFINITE_RECURSION = YES;
				CLANG_WARN_INT_CONVERSION = YES;
				CLANG_WARN_NON_LITERAL_NULL_CONVERSION = YES;
				CLANG_WARN_OBJC_IMPLICIT_RETAIN_SELF = YES;
				CLANG_WARN_OBJC_LITERAL_CONVERSION = YES;
				CLANG_WARN_OBJC_ROOT_CLASS = YES_ERROR;
				CLANG_WARN_QUOTED_INCLUDE_IN_FRAMEWORK_HEADER = YES;
				CLANG_WARN_RANGE_LOOP_ANALYSIS = YES;
				CLANG_WARN_STRICT_PROTOTYPES = YES;
				CLANG_WARN_SUSPICIOUS_MOVE = YES;
				CLANG_WARN_UNGUARDED_AVAILABILITY = YES_AGGRESSIVE;
				CLANG_WARN_UNREACHABLE_CODE = YES;
				CLANG_WARN__DUPLICATE_METHOD_MATCH = YES;
				COPY_PHASE_STRIP = NO;
				DEBUG_INFORMATION_FORMAT = "dwarf-with-dsym";
				ENABLE_NS_ASSERTIONS = NO;
				ENABLE_STRICT_OBJC_MSGSEND = YES;
				ENABLE_USER_SCRIPT_SANDBOXING = YES;
				GCC_C_LANGUAGE_STANDARD = gnu17;
				GCC_NO_COMMON_BLOCKS = YES;
				GCC_WARN_64_TO_32_BIT_CONVERSION = YES;
				GCC_WARN_ABOUT_RETURN_TYPE = YES_ERROR;
				GCC_WARN_UNDECLARED_SELECTOR = YES;
				GCC_WARN_UNINITIALIZED_AUTOS = YES_AGGRESSIVE;
				GCC_WARN_UNUSED_FUNCTION = YES;
				GCC_WARN_UNUSED_VARIABLE = YES;
				IPHONEOS_DEPLOYMENT_TARGET = 17.4;
				LOCALIZATION_PREFERS_STRING_CATALOGS = YES;
				MTL_ENABLE_DEBUG_INFO = NO;
				MTL_FAST_MATH = YES;
				SDKROOT = iphoneos;
				SWIFT_COMPILATION_MODE = wholemodule;
				VALIDATE_PRODUCT = YES;
			};
			name = Release;
		};
		18BCC6872BC1261300DF3265 /* Debug */ = {
			isa = XCBuildConfiguration;
			buildSettings = {
				ASSETCATALOG_COMPILER_APPICON_NAME = AppIcon;
				ASSETCATALOG_COMPILER_GLOBAL_ACCENT_COLOR_NAME = AccentColor;
				CODE_SIGN_STYLE = Automatic;
				CURRENT_PROJECT_VERSION = 1;
				DEVELOPMENT_ASSET_PATHS = "\"FirstApp/Preview Content\"";
				DEVELOPMENT_TEAM = 9VZC2KPC4L;
				ENABLE_PREVIEWS = YES;
				GENERATE_INFOPLIST_FILE = YES;
				INFOPLIST_KEY_UIApplicationSceneManifest_Generation = YES;
				INFOPLIST_KEY_UIApplicationSupportsIndirectInputEvents = YES;
				INFOPLIST_KEY_UILaunchScreen_Generation = YES;
				INFOPLIST_KEY_UISupportedInterfaceOrientations_iPad = "UIInterfaceOrientationPortrait UIInterfaceOrientationPortraitUpsideDown UIInterfaceOrientationLandscapeLeft UIInterfaceOrientationLandscapeRight";
				INFOPLIST_KEY_UISupportedInterfaceOrientations_iPhone = "UIInterfaceOrientationPortrait UIInterfaceOrientationLandscapeLeft UIInterfaceOrientationLandscapeRight";
				LD_RUNPATH_SEARCH_PATHS = (
					"$(inherited)",
					"@executable_path/Frameworks",
				);
				MARKETING_VERSION = 1.0;
				PRODUCT_BUNDLE_IDENTIFIER = min96.FirstApp;
				PRODUCT_NAME = "$(TARGET_NAME)";
				SWIFT_EMIT_LOC_STRINGS = YES;
				SWIFT_VERSION = 5.0;
				TARGETED_DEVICE_FAMILY = "1,2";
			};
			name = Debug;
		};
		18BCC6882BC1261300DF3265 /* Release */ = {
			isa = XCBuildConfiguration;
			buildSettings = {
				ASSETCATALOG_COMPILER_APPICON_NAME = AppIcon;
				ASSETCATALOG_COMPILER_GLOBAL_ACCENT_COLOR_NAME = AccentColor;
				CODE_SIGN_STYLE = Automatic;
				CURRENT_PROJECT_VERSION = 1;
				DEVELOPMENT_ASSET_PATHS = "\"FirstApp/Preview Content\"";
				DEVELOPMENT_TEAM = 9VZC2KPC4L;
				ENABLE_PREVIEWS = YES;
				GENERATE_INFOPLIST_FILE = YES;
				INFOPLIST_KEY_UIApplicationSceneManifest_Generation = YES;
				INFOPLIST_KEY_UIApplicationSupportsIndirectInputEvents = YES;
				INFOPLIST_KEY_UILaunchScreen_Generation = YES;
				INFOPLIST_KEY_UISupportedInterfaceOrientations_iPad = "UIInterfaceOrientationPortrait UIInterfaceOrientationPortraitUpsideDown UIInterfaceOrientationLandscapeLeft UIInterfaceOrientationLandscapeRight";
				INFOPLIST_KEY_UISupportedInterfaceOrientations_iPhone = "UIInterfaceOrientationPortrait UIInterfaceOrientationLandscapeLeft UIInterfaceOrientationLandscapeRight";
				LD_RUNPATH_SEARCH_PATHS = (
					"$(inherited)",
					"@executable_path/Frameworks",
				);
				MARKETING_VERSION = 1.0;
				PRODUCT_BUNDLE_IDENTIFIER = min96.FirstApp;
				PRODUCT_NAME = "$(TARGET_NAME)";
				SWIFT_EMIT_LOC_STRINGS = YES;
				SWIFT_VERSION = 5.0;
				TARGETED_DEVICE_FAMILY = "1,2";
			};
			name = Release;
		};
		18BCC68A2BC1261300DF3265 /* Debug */ = {
			isa = XCBuildConfiguration;
			buildSettings = {
				ALWAYS_EMBED_SWIFT_STANDARD_LIBRARIES = YES;
				BUNDLE_LOADER = "$(TEST_HOST)";
				CODE_SIGN_STYLE = Automatic;
				CURRENT_PROJECT_VERSION = 1;
				DEVELOPMENT_TEAM = 9VZC2KPC4L;
				GENERATE_INFOPLIST_FILE = YES;
				IPHONEOS_DEPLOYMENT_TARGET = 17.4;
				MARKETING_VERSION = 1.0;
				PRODUCT_BUNDLE_IDENTIFIER = min96.FirstAppTests;
				PRODUCT_NAME = "$(TARGET_NAME)";
				SWIFT_EMIT_LOC_STRINGS = NO;
				SWIFT_VERSION = 5.0;
				TARGETED_DEVICE_FAMILY = "1,2";
				TEST_HOST = "$(BUILT_PRODUCTS_DIR)/FirstApp.app/$(BUNDLE_EXECUTABLE_FOLDER_PATH)/FirstApp";
			};
			name = Debug;
		};
		18BCC68B2BC1261300DF3265 /* Release */ = {
			isa = XCBuildConfiguration;
			buildSettings = {
				ALWAYS_EMBED_SWIFT_STANDARD_LIBRARIES = YES;
				BUNDLE_LOADER = "$(TEST_HOST)";
				CODE_SIGN_STYLE = Automatic;
				CURRENT_PROJECT_VERSION = 1;
				DEVELOPMENT_TEAM = 9VZC2KPC4L;
				GENERATE_INFOPLIST_FILE = YES;
				IPHONEOS_DEPLOYMENT_TARGET = 17.4;
				MARKETING_VERSION = 1.0;
				PRODUCT_BUNDLE_IDENTIFIER = min96.FirstAppTests;
				PRODUCT_NAME = "$(TARGET_NAME)";
				SWIFT_EMIT_LOC_STRINGS = NO;
				SWIFT_VERSION = 5.0;
				TARGETED_DEVICE_FAMILY = "1,2";
				TEST_HOST = "$(BUILT_PRODUCTS_DIR)/FirstApp.app/$(BUNDLE_EXECUTABLE_FOLDER_PATH)/FirstApp";
			};
			name = Release;
		};
		18BCC68D2BC1261300DF3265 /* Debug */ = {
			isa = XCBuildConfiguration;
			buildSettings = {
				ALWAYS_EMBED_SWIFT_STANDARD_LIBRARIES = YES;
				CODE_SIGN_STYLE = Automatic;
				CURRENT_PROJECT_VERSION = 1;
				DEVELOPMENT_TEAM = 9VZC2KPC4L;
				GENERATE_INFOPLIST_FILE = YES;
				MARKETING_VERSION = 1.0;
				PRODUCT_BUNDLE_IDENTIFIER = min96.FirstAppUITests;
				PRODUCT_NAME = "$(TARGET_NAME)";
				SWIFT_EMIT_LOC_STRINGS = NO;
				SWIFT_VERSION = 5.0;
				TARGETED_DEVICE_FAMILY = "1,2";
				TEST_TARGET_NAME = FirstApp;
			};
			name = Debug;
		};
		18BCC68E2BC1261300DF3265 /* Release */ = {
			isa = XCBuildConfiguration;
			buildSettings = {
				ALWAYS_EMBED_SWIFT_STANDARD_LIBRARIES = YES;
				CODE_SIGN_STYLE = Automatic;
				CURRENT_PROJECT_VERSION = 1;
				DEVELOPMENT_TEAM = 9VZC2KPC4L;
				GENERATE_INFOPLIST_FILE = YES;
				MARKETING_VERSION = 1.0;
				PRODUCT_BUNDLE_IDENTIFIER = min96.FirstAppUITests;
				PRODUCT_NAME = "$(TARGET_NAME)";
				SWIFT_EMIT_LOC_STRINGS = NO;
				SWIFT_VERSION = 5.0;
				TARGETED_DEVICE_FAMILY = "1,2";
				TEST_TARGET_NAME = FirstApp;
			};
			name = Release;
		};
/* End XCBuildConfiguration section */

/* Begin XCConfigurationList section */
		18BCC65B2BC1260D00DF3265 /* Build configuration list for PBXProject "FirstApp" */ = {
			isa = XCConfigurationList;
			buildConfigurations = (
				18BCC6842BC1261300DF3265 /* Debug */,
				18BCC6852BC1261300DF3265 /* Release */,
			);
			defaultConfigurationIsVisible = 0;
			defaultConfigurationName = Release;
		};
		18BCC6862BC1261300DF3265 /* Build configuration list for PBXNativeTarget "FirstApp" */ = {
			isa = XCConfigurationList;
			buildConfigurations = (
				18BCC6872BC1261300DF3265 /* Debug */,
				18BCC6882BC1261300DF3265 /* Release */,
			);
			defaultConfigurationIsVisible = 0;
			defaultConfigurationName = Release;
		};
		18BCC6892BC1261300DF3265 /* Build configuration list for PBXNativeTarget "FirstAppTests" */ = {
			isa = XCConfigurationList;
			buildConfigurations = (
				18BCC68A2BC1261300DF3265 /* Debug */,
				18BCC68B2BC1261300DF3265 /* Release */,
			);
			defaultConfigurationIsVisible = 0;
			defaultConfigurationName = Release;
		};
		18BCC68C2BC1261300DF3265 /* Build configuration list for PBXNativeTarget "FirstAppUITests" */ = {
			isa = XCConfigurationList;
			buildConfigurations = (
				18BCC68D2BC1261300DF3265 /* Debug */,
				18BCC68E2BC1261300DF3265 /* Release */,
			);
			defaultConfigurationIsVisible = 0;
			defaultConfigurationName = Release;
		};
/* End XCConfigurationList section */
	};
	rootObject = 18BCC6582BC1260D00DF3265 /* Project object */;
}
